
Microsoft Visual Studio Solution File, Format Version 12.00
# Visual Studio Version 17
VisualStudioVersion = 17.12.35527.113
MinimumVisualStudioVersion = 10.0.40219.1
Project("{FAE04EC0-301F-11D3-BF4B-00C04F79EFBC}") = "PorfolioCore", "PorfolioCore\PorfolioCore.csproj", "{9E544706-3A62-4DC2-B6DD-5080402A232B}"
EndProject
Global
	GlobalSection(SolutionConfigurationPlatforms) = preSolution
		Debug|Any CPU = Debug|Any CPU
		Release|Any CPU = Release|Any CPU
	EndGlobalSection
	GlobalSection(ProjectConfigurationPlatforms) = postSolution
		{9E544706-3A62-4DC2-B6DD-5080402A232B}.Debug|Any CPU.ActiveCfg = Debug|Any CPU
		{9E544706-3A62-4DC2-B6DD-5080402A232B}.Debug|Any CPU.Build.0 = Debug|Any CPU
		{9E544706-3A62-4DC2-B6DD-5080402A232B}.Release|Any CPU.ActiveCfg = Release|Any CPU
		{9E544706-3A62-4DC2-B6DD-5080402A232B}.Release|Any CPU.Build.0 = Release|Any CPU
	EndGlobalSection
	GlobalSection(SolutionProperties) = preSolution
		HideSolutionNode = FALSE
	EndGlobalSection
EndGlobal
